
Microsoft Visual Studio Solution File, Format Version 12.00
# Visual Studio 14
VisualStudioVersion = 14.0.24720.0
MinimumVisualStudioVersion = 10.0.40219.1
Project("{FAE04EC0-301F-11D3-BF4B-00C04F79EFBC}") = "Day17", "Day17\Day17.csproj", "{FD71CC56-46BC-4D10-81B9-6341B3A2425C}"
EndProject
Global
	GlobalSection(SolutionConfigurationPlatforms) = preSolution
		Debug|Any CPU = Debug|Any CPU
		Release|Any CPU = Release|Any CPU
	EndGlobalSection
	GlobalSection(ProjectConfigurationPlatforms) = postSolution
		{FD71CC56-46BC-4D10-81B9-6341B3A2425C}.Debug|Any CPU.ActiveCfg = Debug|Any CPU
		{FD71CC56-46BC-4D10-81B9-6341B3A2425C}.Debug|Any CPU.Build.0 = Debug|Any CPU
		{FD71CC56-46BC-4D10-81B9-6341B3A2425C}.Release|Any CPU.ActiveCfg = Release|Any CPU
		{FD71CC56-46BC-4D10-81B9-6341B3A2425C}.Release|Any CPU.Build.0 = Release|Any CPU
	EndGlobalSection
	GlobalSection(SolutionProperties) = preSolution
		HideSolutionNode = FALSE
	EndGlobalSection
EndGlobal
